// !$*UTF8*$!
{
	archiveVersion = 1;
	classes = {
	};
	objectVersion = 46;
	objects = {

/* Begin PBXBuildFile section */
		089BD52B579A06AB20BA3947 /* Pods_HHKL.framework in Frameworks */ = {isa = PBXBuildFile; fileRef = 955C5C5DC6C32D33E109DCA9 /* Pods_HHKL.framework */; };
		4EE2AA1C67381F77809C1D9B /* Pods_HHKL_HHKLTests.framework in Frameworks */ = {isa = PBXBuildFile; fileRef = 95E334993FEB08984F6DC8D6 /* Pods_HHKL_HHKLTests.framework */; };
		58603101C2B002C8F3589BFD /* ParentViewController.swift in Sources */ = {isa = PBXBuildFile; fileRef = 586035D64EFCE7BAF735B440 /* ParentViewController.swift */; };
		586034B59187F55DDC90E3FB /* MatchesViewModel.swift in Sources */ = {isa = PBXBuildFile; fileRef = 586031E1C6BEB423AF4276E5 /* MatchesViewModel.swift */; };
		586038B8F60B62C5E250A12E /* Colors.swift in Sources */ = {isa = PBXBuildFile; fileRef = 58603642D6BBC4C37AFBD41D /* Colors.swift */; };
		58603FA3E558FCBDFCD182B5 /* MatchesViewController.swift in Sources */ = {isa = PBXBuildFile; fileRef = 58603F265CC167CE8ED04342 /* MatchesViewController.swift */; };
		84446B2C1C58F7CE00E6B171 /* LaunchScreen.storyboard in Resources */ = {isa = PBXBuildFile; fileRef = 84446B2B1C58F7CE00E6B171 /* LaunchScreen.storyboard */; };
		B8DCA00CE1A55EAEA43628F9 /* Assets.xcassets in Resources */ = {isa = PBXBuildFile; fileRef = B8DCA18DF9BB427F720D821E /* Assets.xcassets */; };
		B8DCA088DC7E08140CC9871F /* Match.swift in Sources */ = {isa = PBXBuildFile; fileRef = B8DCAEC1B9C40A1012E331D0 /* Match.swift */; };
		B8DCA0D4ACC3AD93F1849701 /* MatchGamerParserTests.swift in Sources */ = {isa = PBXBuildFile; fileRef = B8DCA6253306F39D9D75797F /* MatchGamerParserTests.swift */; };
		B8DCA15B1F941D2939F3854A /* MatchHeaderView.swift in Sources */ = {isa = PBXBuildFile; fileRef = B8DCA039326AE690EC88562F /* MatchHeaderView.swift */; };
		B8DCA222E737BF6BA635509C /* MatchesNetworkTarget.swift in Sources */ = {isa = PBXBuildFile; fileRef = B8DCAB0EC6963CA6EFAE574C /* MatchesNetworkTarget.swift */; };
		B8DCA2F54B9EE3D2A161EF37 /* ParentTableViewCell.swift in Sources */ = {isa = PBXBuildFile; fileRef = B8DCA15EAD0D3061D4B7EC9D /* ParentTableViewCell.swift */; };
		B8DCA3F681C90A0A23A18F81 /* ViewControllerFactory.swift in Sources */ = {isa = PBXBuildFile; fileRef = B8DCAABF1C130FEB1F22405E /* ViewControllerFactory.swift */; };
		B8DCA444EE9F12F1497241F9 /* ViewModelProtocols.swift in Sources */ = {isa = PBXBuildFile; fileRef = B8DCA6082786166AF6275002 /* ViewModelProtocols.swift */; };
		B8DCA5A0DAB78072BC5FCDE4 /* MatchParser.swift in Sources */ = {isa = PBXBuildFile; fileRef = B8DCAB78EE97702B6B082DDE /* MatchParser.swift */; };
		B8DCA5C18D1BF7C2CEAF055A /* MatchViewModel.swift in Sources */ = {isa = PBXBuildFile; fileRef = B8DCA1F3A62B7CCE2239FF4C /* MatchViewModel.swift */; };
		B8DCA695FC303E46145ECB9F /* ViewModelFactory.swift in Sources */ = {isa = PBXBuildFile; fileRef = B8DCA28B9C105266717B8735 /* ViewModelFactory.swift */; };
		B8DCA77DBFD09D47EFC653E1 /* Day.swift in Sources */ = {isa = PBXBuildFile; fileRef = B8DCA95337DB327B14D8CA93 /* Day.swift */; };
		B8DCA7A6CDDCAF413E11BC47 /* AppDelegate.swift in Sources */ = {isa = PBXBuildFile; fileRef = B8DCAA581FB56B47D14A77D4 /* AppDelegate.swift */; };
		B8DCA822D17AA8213D318338 /* Error.swift in Sources */ = {isa = PBXBuildFile; fileRef = B8DCA9A68A537C62863D7543 /* Error.swift */; };
		B8DCA89B18A8252418FF6B76 /* MatchParserTests.swift in Sources */ = {isa = PBXBuildFile; fileRef = B8DCAF40D3E759560E2B5CA8 /* MatchParserTests.swift */; };
		B8DCA8CEF799E851F2E03983 /* CocoaLumberjackManager.swift in Sources */ = {isa = PBXBuildFile; fileRef = B8DCA4CF43EDD280116FB83C /* CocoaLumberjackManager.swift */; };
		B8DCA8EED9E42BA455ED0B8E /* MatchViewController.swift in Sources */ = {isa = PBXBuildFile; fileRef = B8DCA5CB4883B9F14FBDD860 /* MatchViewController.swift */; };
		B8DCAB297EFF63B5FEBCD444 /* MatchCell.swift in Sources */ = {isa = PBXBuildFile; fileRef = B8DCAB834F2B0CEC703A8C0A /* MatchCell.swift */; };
		B8DCAB6DE086F342066B096D /* FlowController.swift in Sources */ = {isa = PBXBuildFile; fileRef = B8DCA3B780304F45CC4F5156 /* FlowController.swift */; };
		B8DCAD40AF44814D0709F296 /* days.json in Resources */ = {isa = PBXBuildFile; fileRef = B8DCAEE84AED5B386CB69D29 /* days.json */; };
		B8DCADD1C669573A5D1CA6CA /* MatchSectionResultViewCell.swift in Sources */ = {isa = PBXBuildFile; fileRef = B8DCAC2AA1F7721040CC3CA3 /* MatchSectionResultViewCell.swift */; };
		B8DCAFA2C6A34A92CBCAC79F /* ViewControllerAccessoryFactory.swift in Sources */ = {isa = PBXBuildFile; fileRef = B8DCADAFF0558D43EAF6CA73 /* ViewControllerAccessoryFactory.swift */; };
		B8DCAFD61F258F3081B94DC8 /* ViewModelAccessoryFactory.swift in Sources */ = {isa = PBXBuildFile; fileRef = B8DCA259AB5B058E840169D5 /* ViewModelAccessoryFactory.swift */; };
		B8DCAFFF98951F7FE28820F4 /* NavigationControllerFlowController.swift in Sources */ = {isa = PBXBuildFile; fileRef = B8DCAF0531F177686A0245B7 /* NavigationControllerFlowController.swift */; };
		D40F577F1C58DB1C00348DB9 /* HHKLUITests.swift in Sources */ = {isa = PBXBuildFile; fileRef = D40F577E1C58DB1C00348DB9 /* HHKLUITests.swift */; };
		D41EC1FB1C5F558F008FE405 /* Localizable.strings in Resources */ = {isa = PBXBuildFile; fileRef = D41EC1FD1C5F558F008FE405 /* Localizable.strings */; };
		D48546591C75E8A10072BC78 /* DayParserTests.swift in Sources */ = {isa = PBXBuildFile; fileRef = B8DCA15E4C49559EB0B230E4 /* DayParserTests.swift */; };
/* End PBXBuildFile section */

/* Begin PBXContainerItemProxy section */
		D40F57701C58DB1C00348DB9 /* PBXContainerItemProxy */ = {
			isa = PBXContainerItemProxy;
			containerPortal = D40F57531C58DB1C00348DB9 /* Project object */;
			proxyType = 1;
			remoteGlobalIDString = D40F575A1C58DB1C00348DB9;
			remoteInfo = HHKL;
		};
		D40F577B1C58DB1C00348DB9 /* PBXContainerItemProxy */ = {
			isa = PBXContainerItemProxy;
			containerPortal = D40F57531C58DB1C00348DB9 /* Project object */;
			proxyType = 1;
			remoteGlobalIDString = D40F575A1C58DB1C00348DB9;
			remoteInfo = HHKL;
		};
/* End PBXContainerItemProxy section */

/* Begin PBXFileReference section */
		586031E1C6BEB423AF4276E5 /* MatchesViewModel.swift */ = {isa = PBXFileReference; fileEncoding = 4; lastKnownFileType = sourcecode.swift; path = MatchesViewModel.swift; sourceTree = "<group>"; };
		586035D64EFCE7BAF735B440 /* ParentViewController.swift */ = {isa = PBXFileReference; fileEncoding = 4; lastKnownFileType = sourcecode.swift; path = ParentViewController.swift; sourceTree = "<group>"; };
		58603642D6BBC4C37AFBD41D /* Colors.swift */ = {isa = PBXFileReference; fileEncoding = 4; lastKnownFileType = sourcecode.swift; path = Colors.swift; sourceTree = "<group>"; };
		58603F265CC167CE8ED04342 /* MatchesViewController.swift */ = {isa = PBXFileReference; fileEncoding = 4; lastKnownFileType = sourcecode.swift; path = MatchesViewController.swift; sourceTree = "<group>"; };
		5F6404C0743DF3089B4044DF /* Pods-HHKL.release.xcconfig */ = {isa = PBXFileReference; includeInIndex = 1; lastKnownFileType = text.xcconfig; name = "Pods-HHKL.release.xcconfig"; path = "Pods/Target Support Files/Pods-HHKL/Pods-HHKL.release.xcconfig"; sourceTree = "<group>"; };
		6F76BA4887AAFD59C82A2D90 /* Pods-HHKL-HHKLTests.release.xcconfig */ = {isa = PBXFileReference; includeInIndex = 1; lastKnownFileType = text.xcconfig; name = "Pods-HHKL-HHKLTests.release.xcconfig"; path = "Pods/Target Support Files/Pods-HHKL-HHKLTests/Pods-HHKL-HHKLTests.release.xcconfig"; sourceTree = "<group>"; };
		837C64D35EEE3F960C502295 /* Pods-HHKL.debug.xcconfig */ = {isa = PBXFileReference; includeInIndex = 1; lastKnownFileType = text.xcconfig; name = "Pods-HHKL.debug.xcconfig"; path = "Pods/Target Support Files/Pods-HHKL/Pods-HHKL.debug.xcconfig"; sourceTree = "<group>"; };
		84446B2B1C58F7CE00E6B171 /* LaunchScreen.storyboard */ = {isa = PBXFileReference; fileEncoding = 4; lastKnownFileType = file.storyboard; path = LaunchScreen.storyboard; sourceTree = "<group>"; };
		955C5C5DC6C32D33E109DCA9 /* Pods_HHKL.framework */ = {isa = PBXFileReference; explicitFileType = wrapper.framework; includeInIndex = 0; path = Pods_HHKL.framework; sourceTree = BUILT_PRODUCTS_DIR; };
		95E334993FEB08984F6DC8D6 /* Pods_HHKL_HHKLTests.framework */ = {isa = PBXFileReference; explicitFileType = wrapper.framework; includeInIndex = 0; path = Pods_HHKL_HHKLTests.framework; sourceTree = BUILT_PRODUCTS_DIR; };
		A15CAFAD4B3400572CDFC1DE /* Pods-HHKL-HHKLTests.debug.xcconfig */ = {isa = PBXFileReference; includeInIndex = 1; lastKnownFileType = text.xcconfig; name = "Pods-HHKL-HHKLTests.debug.xcconfig"; path = "Pods/Target Support Files/Pods-HHKL-HHKLTests/Pods-HHKL-HHKLTests.debug.xcconfig"; sourceTree = "<group>"; };
		B8DCA039326AE690EC88562F /* MatchHeaderView.swift */ = {isa = PBXFileReference; fileEncoding = 4; lastKnownFileType = sourcecode.swift; path = MatchHeaderView.swift; sourceTree = "<group>"; };
		B8DCA15E4C49559EB0B230E4 /* DayParserTests.swift */ = {isa = PBXFileReference; fileEncoding = 4; lastKnownFileType = sourcecode.swift; path = DayParserTests.swift; sourceTree = "<group>"; };
		B8DCA15EAD0D3061D4B7EC9D /* ParentTableViewCell.swift */ = {isa = PBXFileReference; fileEncoding = 4; lastKnownFileType = sourcecode.swift; path = ParentTableViewCell.swift; sourceTree = "<group>"; };
		B8DCA18DF9BB427F720D821E /* Assets.xcassets */ = {isa = PBXFileReference; lastKnownFileType = folder.assetcatalog; path = Assets.xcassets; sourceTree = "<group>"; };
		B8DCA1F3A62B7CCE2239FF4C /* MatchViewModel.swift */ = {isa = PBXFileReference; fileEncoding = 4; lastKnownFileType = sourcecode.swift; path = MatchViewModel.swift; sourceTree = "<group>"; };
		B8DCA259AB5B058E840169D5 /* ViewModelAccessoryFactory.swift */ = {isa = PBXFileReference; fileEncoding = 4; lastKnownFileType = sourcecode.swift; path = ViewModelAccessoryFactory.swift; sourceTree = "<group>"; };
		B8DCA28B9C105266717B8735 /* ViewModelFactory.swift */ = {isa = PBXFileReference; fileEncoding = 4; lastKnownFileType = sourcecode.swift; path = ViewModelFactory.swift; sourceTree = "<group>"; };
		B8DCA3B780304F45CC4F5156 /* FlowController.swift */ = {isa = PBXFileReference; fileEncoding = 4; lastKnownFileType = sourcecode.swift; path = FlowController.swift; sourceTree = "<group>"; };
		B8DCA4CF43EDD280116FB83C /* CocoaLumberjackManager.swift */ = {isa = PBXFileReference; fileEncoding = 4; lastKnownFileType = sourcecode.swift; path = CocoaLumberjackManager.swift; sourceTree = "<group>"; };
		B8DCA5CB4883B9F14FBDD860 /* MatchViewController.swift */ = {isa = PBXFileReference; fileEncoding = 4; lastKnownFileType = sourcecode.swift; path = MatchViewController.swift; sourceTree = "<group>"; };
		B8DCA6082786166AF6275002 /* ViewModelProtocols.swift */ = {isa = PBXFileReference; fileEncoding = 4; lastKnownFileType = sourcecode.swift; path = ViewModelProtocols.swift; sourceTree = "<group>"; };
		B8DCA6253306F39D9D75797F /* MatchGamerParserTests.swift */ = {isa = PBXFileReference; fileEncoding = 4; lastKnownFileType = sourcecode.swift; path = MatchGamerParserTests.swift; sourceTree = "<group>"; };
		B8DCA95337DB327B14D8CA93 /* Day.swift */ = {isa = PBXFileReference; fileEncoding = 4; lastKnownFileType = sourcecode.swift; path = Day.swift; sourceTree = "<group>"; };
		B8DCA9A68A537C62863D7543 /* Error.swift */ = {isa = PBXFileReference; fileEncoding = 4; lastKnownFileType = sourcecode.swift; path = Error.swift; sourceTree = "<group>"; };
		B8DCAA581FB56B47D14A77D4 /* AppDelegate.swift */ = {isa = PBXFileReference; fileEncoding = 4; lastKnownFileType = sourcecode.swift; path = AppDelegate.swift; sourceTree = "<group>"; };
		B8DCAABF1C130FEB1F22405E /* ViewControllerFactory.swift */ = {isa = PBXFileReference; fileEncoding = 4; lastKnownFileType = sourcecode.swift; path = ViewControllerFactory.swift; sourceTree = "<group>"; };
		B8DCAB0EC6963CA6EFAE574C /* MatchesNetworkTarget.swift */ = {isa = PBXFileReference; fileEncoding = 4; lastKnownFileType = sourcecode.swift; path = MatchesNetworkTarget.swift; sourceTree = "<group>"; };
		B8DCAB78EE97702B6B082DDE /* MatchParser.swift */ = {isa = PBXFileReference; fileEncoding = 4; lastKnownFileType = sourcecode.swift; path = MatchParser.swift; sourceTree = "<group>"; };
		B8DCAB834F2B0CEC703A8C0A /* MatchCell.swift */ = {isa = PBXFileReference; fileEncoding = 4; lastKnownFileType = sourcecode.swift; path = MatchCell.swift; sourceTree = "<group>"; };
		B8DCAC2AA1F7721040CC3CA3 /* MatchSectionResultViewCell.swift */ = {isa = PBXFileReference; fileEncoding = 4; lastKnownFileType = sourcecode.swift; path = MatchSectionResultViewCell.swift; sourceTree = "<group>"; };
		B8DCADAFF0558D43EAF6CA73 /* ViewControllerAccessoryFactory.swift */ = {isa = PBXFileReference; fileEncoding = 4; lastKnownFileType = sourcecode.swift; path = ViewControllerAccessoryFactory.swift; sourceTree = "<group>"; };
		B8DCAEC1B9C40A1012E331D0 /* Match.swift */ = {isa = PBXFileReference; fileEncoding = 4; lastKnownFileType = sourcecode.swift; path = Match.swift; sourceTree = "<group>"; };
		B8DCAEE84AED5B386CB69D29 /* days.json */ = {isa = PBXFileReference; lastKnownFileType = text.json; path = days.json; sourceTree = "<group>"; };
		B8DCAF0531F177686A0245B7 /* NavigationControllerFlowController.swift */ = {isa = PBXFileReference; fileEncoding = 4; lastKnownFileType = sourcecode.swift; path = NavigationControllerFlowController.swift; sourceTree = "<group>"; };
		B8DCAF40D3E759560E2B5CA8 /* MatchParserTests.swift */ = {isa = PBXFileReference; fileEncoding = 4; lastKnownFileType = sourcecode.swift; path = MatchParserTests.swift; sourceTree = "<group>"; };
		B8DCAF8B7F1665CD4EB75C77 /* Info.plist */ = {isa = PBXFileReference; fileEncoding = 4; lastKnownFileType = text.plist.info; path = Info.plist; sourceTree = "<group>"; };
		D40F575B1C58DB1C00348DB9 /* HHKL.app */ = {isa = PBXFileReference; explicitFileType = wrapper.application; includeInIndex = 0; path = HHKL.app; sourceTree = BUILT_PRODUCTS_DIR; };
		D40F576F1C58DB1C00348DB9 /* HHKLTests.xctest */ = {isa = PBXFileReference; explicitFileType = wrapper.cfbundle; includeInIndex = 0; path = HHKLTests.xctest; sourceTree = BUILT_PRODUCTS_DIR; };
		D40F57751C58DB1C00348DB9 /* Info.plist */ = {isa = PBXFileReference; lastKnownFileType = text.plist.xml; path = Info.plist; sourceTree = "<group>"; };
		D40F577A1C58DB1C00348DB9 /* HHKLUITests.xctest */ = {isa = PBXFileReference; explicitFileType = wrapper.cfbundle; includeInIndex = 0; path = HHKLUITests.xctest; sourceTree = BUILT_PRODUCTS_DIR; };
		D40F577E1C58DB1C00348DB9 /* HHKLUITests.swift */ = {isa = PBXFileReference; lastKnownFileType = sourcecode.swift; path = HHKLUITests.swift; sourceTree = "<group>"; };
		D40F57801C58DB1C00348DB9 /* Info.plist */ = {isa = PBXFileReference; lastKnownFileType = text.plist.xml; path = Info.plist; sourceTree = "<group>"; };
		D41EC1FF1C5F55E6008FE405 /* ru */ = {isa = PBXFileReference; lastKnownFileType = text.plist.strings; name = ru; path = ru.lproj/Localizable.strings; sourceTree = "<group>"; };
/* End PBXFileReference section */

/* Begin PBXFrameworksBuildPhase section */
		D40F57581C58DB1C00348DB9 /* Frameworks */ = {
			isa = PBXFrameworksBuildPhase;
			buildActionMask = 2147483647;
			files = (
				089BD52B579A06AB20BA3947 /* Pods_HHKL.framework in Frameworks */,
			);
			runOnlyForDeploymentPostprocessing = 0;
		};
		D40F576C1C58DB1C00348DB9 /* Frameworks */ = {
			isa = PBXFrameworksBuildPhase;
			buildActionMask = 2147483647;
			files = (
				4EE2AA1C67381F77809C1D9B /* Pods_HHKL_HHKLTests.framework in Frameworks */,
			);
			runOnlyForDeploymentPostprocessing = 0;
		};
		D40F57771C58DB1C00348DB9 /* Frameworks */ = {
			isa = PBXFrameworksBuildPhase;
			buildActionMask = 2147483647;
			files = (
			);
			runOnlyForDeploymentPostprocessing = 0;
		};
/* End PBXFrameworksBuildPhase section */

/* Begin PBXGroup section */
		586031A239D9CA3EB31B3774 /* Parents */ = {
			isa = PBXGroup;
			children = (
				586035D64EFCE7BAF735B440 /* ParentViewController.swift */,
				B8DCA6082786166AF6275002 /* ViewModelProtocols.swift */,
				B8DCA15EAD0D3061D4B7EC9D /* ParentTableViewCell.swift */,
			);
			path = Parents;
			sourceTree = "<group>";
		};
		586037EFE816DCB999A8BD6D /* Extensions */ = {
			isa = PBXGroup;
			children = (
				58603642D6BBC4C37AFBD41D /* Colors.swift */,
			);
			path = Extensions;
			sourceTree = "<group>";
		};
		586039FEAC18491ADACEC502 /* Matches */ = {
			isa = PBXGroup;
			children = (
				58603F265CC167CE8ED04342 /* MatchesViewController.swift */,
				586031E1C6BEB423AF4276E5 /* MatchesViewModel.swift */,
				B8DCAFF2CCB7149A0AC3F494 /* Cells */,
			);
			path = Matches;
			sourceTree = "<group>";
		};
		58603A9739553D265BFF1C5E /* Modules */ = {
			isa = PBXGroup;
			children = (
				586039FEAC18491ADACEC502 /* Matches */,
				B8DCA8576F0382EEECA6DDF4 /* Match */,
			);
			path = Modules;
			sourceTree = "<group>";
		};
		A6853D521E8F8A2E5114240D /* Frameworks */ = {
			isa = PBXGroup;
			children = (
				955C5C5DC6C32D33E109DCA9 /* Pods_HHKL.framework */,
				95E334993FEB08984F6DC8D6 /* Pods_HHKL_HHKLTests.framework */,
			);
			name = Frameworks;
			sourceTree = "<group>";
		};
		B8DCA082A757442D28A024C6 /* JSONStubs */ = {
			isa = PBXGroup;
			children = (
				B8DCAEE84AED5B386CB69D29 /* days.json */,
			);
			path = JSONStubs;
			sourceTree = "<group>";
		};
		B8DCA177C582A826E47ABADD /* Routers */ = {
			isa = PBXGroup;
			children = (
				B8DCA3B780304F45CC4F5156 /* FlowController.swift */,
				B8DCAF0531F177686A0245B7 /* NavigationControllerFlowController.swift */,
			);
			path = Routers;
			sourceTree = "<group>";
		};
		B8DCA39033F3D7B1A1039E3F /* Resources */ = {
			isa = PBXGroup;
			children = (
				B8DCAF8B7F1665CD4EB75C77 /* Info.plist */,
				B8DCA18DF9BB427F720D821E /* Assets.xcassets */,
				84446B2B1C58F7CE00E6B171 /* LaunchScreen.storyboard */,
				D41EC1FD1C5F558F008FE405 /* Localizable.strings */,
				B8DCA082A757442D28A024C6 /* JSONStubs */,
			);
			path = Resources;
			sourceTree = "<group>";
		};
		B8DCA400DD19910AA1D24FEB /* Parsers */ = {
			isa = PBXGroup;
			children = (
				B8DCAB78EE97702B6B082DDE /* MatchParser.swift */,
			);
			path = Parsers;
			sourceTree = "<group>";
		};
		B8DCA40451EC9B8930736040 /* Models */ = {
			isa = PBXGroup;
			children = (
				B8DCAEC1B9C40A1012E331D0 /* Match.swift */,
				B8DCA95337DB327B14D8CA93 /* Day.swift */,
			);
			path = Models;
			sourceTree = "<group>";
		};
		B8DCA5F4A185DD88008C4BA1 /* Classes */ = {
			isa = PBXGroup;
			children = (
				B8DCAE20B66F954E860C9DCA /* Business */,
			);
			path = Classes;
			sourceTree = "<group>";
		};
		B8DCA73C53399B3739CC4BE6 /* Views */ = {
			isa = PBXGroup;
			children = (
				B8DCA039326AE690EC88562F /* MatchHeaderView.swift */,
			);
			path = Views;
			sourceTree = "<group>";
		};
		B8DCA74229D961AAB482A78A /* Factories */ = {
			isa = PBXGroup;
			children = (
				B8DCAABF1C130FEB1F22405E /* ViewControllerFactory.swift */,
				B8DCADAFF0558D43EAF6CA73 /* ViewControllerAccessoryFactory.swift */,
				B8DCA28B9C105266717B8735 /* ViewModelFactory.swift */,
				B8DCA259AB5B058E840169D5 /* ViewModelAccessoryFactory.swift */,
			);
			path = Factories;
			sourceTree = "<group>";
		};
		B8DCA79FD7DCAF55A258303F /* Business */ = {
			isa = PBXGroup;
			children = (
				B8DCA400DD19910AA1D24FEB /* Parsers */,
				B8DCA40451EC9B8930736040 /* Models */,
				B8DCABE0E56F586A84232BFB /* Network */,
				B8DCA74229D961AAB482A78A /* Factories */,
				B8DCA177C582A826E47ABADD /* Routers */,
			);
			path = Business;
			sourceTree = "<group>";
		};
		B8DCA8576F0382EEECA6DDF4 /* Match */ = {
			isa = PBXGroup;
			children = (
				B8DCA5CB4883B9F14FBDD860 /* MatchViewController.swift */,
				B8DCA1F3A62B7CCE2239FF4C /* MatchViewModel.swift */,
				B8DCA73C53399B3739CC4BE6 /* Views */,
				B8DCAE1A9944856364A950E0 /* Cells */,
			);
			path = Match;
			sourceTree = "<group>";
		};
		B8DCA8AEB5AE162C1D9C37E0 /* Common */ = {
			isa = PBXGroup;
			children = (
				B8DCA4CF43EDD280116FB83C /* CocoaLumberjackManager.swift */,
				586037EFE816DCB999A8BD6D /* Extensions */,
				586031A239D9CA3EB31B3774 /* Parents */,
				B8DCA9A68A537C62863D7543 /* Error.swift */,
			);
			path = Common;
			sourceTree = "<group>";
		};
		B8DCABE0E56F586A84232BFB /* Network */ = {
			isa = PBXGroup;
			children = (
				B8DCAB0EC6963CA6EFAE574C /* MatchesNetworkTarget.swift */,
			);
			path = Network;
			sourceTree = "<group>";
		};
		B8DCAD751C3ACEB3CA97AAE7 /* Parsers */ = {
			isa = PBXGroup;
			children = (
				B8DCA15E4C49559EB0B230E4 /* DayParserTests.swift */,
				B8DCAF40D3E759560E2B5CA8 /* MatchParserTests.swift */,
				B8DCA6253306F39D9D75797F /* MatchGamerParserTests.swift */,
			);
			path = Parsers;
			sourceTree = "<group>";
		};
		B8DCAE1A9944856364A950E0 /* Cells */ = {
			isa = PBXGroup;
			children = (
				B8DCAC2AA1F7721040CC3CA3 /* MatchSectionResultViewCell.swift */,
			);
			path = Cells;
			sourceTree = "<group>";
		};
		B8DCAE20B66F954E860C9DCA /* Business */ = {
			isa = PBXGroup;
			children = (
				B8DCAD751C3ACEB3CA97AAE7 /* Parsers */,
			);
			path = Business;
			sourceTree = "<group>";
		};
		B8DCAE4153B42B9D2FF10A1C /* Classes */ = {
			isa = PBXGroup;
			children = (
				B8DCAA581FB56B47D14A77D4 /* AppDelegate.swift */,
				58603A9739553D265BFF1C5E /* Modules */,
				B8DCA8AEB5AE162C1D9C37E0 /* Common */,
				B8DCA79FD7DCAF55A258303F /* Business */,
			);
			path = Classes;
			sourceTree = "<group>";
		};
		B8DCAFF2CCB7149A0AC3F494 /* Cells */ = {
			isa = PBXGroup;
			children = (
				B8DCAB834F2B0CEC703A8C0A /* MatchCell.swift */,
			);
			path = Cells;
			sourceTree = "<group>";
		};
		D40F57521C58DB1C00348DB9 = {
			isa = PBXGroup;
			children = (
				D40F575D1C58DB1C00348DB9 /* HHKL */,
				D40F57721C58DB1C00348DB9 /* HHKLTests */,
				D40F577D1C58DB1C00348DB9 /* HHKLUITests */,
				D40F575C1C58DB1C00348DB9 /* Products */,
				F4F026DB5F74A9A13C53761B /* Pods */,
				A6853D521E8F8A2E5114240D /* Frameworks */,
			);
			sourceTree = "<group>";
		};
		D40F575C1C58DB1C00348DB9 /* Products */ = {
			isa = PBXGroup;
			children = (
				D40F575B1C58DB1C00348DB9 /* HHKL.app */,
				D40F576F1C58DB1C00348DB9 /* HHKLTests.xctest */,
				D40F577A1C58DB1C00348DB9 /* HHKLUITests.xctest */,
			);
			name = Products;
			sourceTree = "<group>";
		};
		D40F575D1C58DB1C00348DB9 /* HHKL */ = {
			isa = PBXGroup;
			children = (
				B8DCAE4153B42B9D2FF10A1C /* Classes */,
				B8DCA39033F3D7B1A1039E3F /* Resources */,
			);
			path = HHKL;
			sourceTree = "<group>";
		};
		D40F57721C58DB1C00348DB9 /* HHKLTests */ = {
			isa = PBXGroup;
			children = (
				D40F57751C58DB1C00348DB9 /* Info.plist */,
				B8DCA5F4A185DD88008C4BA1 /* Classes */,
			);
			path = HHKLTests;
			sourceTree = "<group>";
		};
		D40F577D1C58DB1C00348DB9 /* HHKLUITests */ = {
			isa = PBXGroup;
			children = (
				D40F577E1C58DB1C00348DB9 /* HHKLUITests.swift */,
				D40F57801C58DB1C00348DB9 /* Info.plist */,
			);
			path = HHKLUITests;
			sourceTree = "<group>";
		};
		F4F026DB5F74A9A13C53761B /* Pods */ = {
			isa = PBXGroup;
			children = (
				837C64D35EEE3F960C502295 /* Pods-HHKL.debug.xcconfig */,
				5F6404C0743DF3089B4044DF /* Pods-HHKL.release.xcconfig */,
				A15CAFAD4B3400572CDFC1DE /* Pods-HHKL-HHKLTests.debug.xcconfig */,
				6F76BA4887AAFD59C82A2D90 /* Pods-HHKL-HHKLTests.release.xcconfig */,
			);
			name = Pods;
			sourceTree = "<group>";
		};
/* End PBXGroup section */

/* Begin PBXNativeTarget section */
		D40F575A1C58DB1C00348DB9 /* HHKL */ = {
			isa = PBXNativeTarget;
			buildConfigurationList = D40F57831C58DB1C00348DB9 /* Build configuration list for PBXNativeTarget "HHKL" */;
			buildPhases = (
				399F01A44ADE336BEA63E7F4 /* Check Pods Manifest.lock */,
				D4FE75A11C58E61D001B697C /* Calculate number of build and version  */,
				D40F57571C58DB1C00348DB9 /* Sources */,
				D40F57581C58DB1C00348DB9 /* Frameworks */,
				D40F57591C58DB1C00348DB9 /* Resources */,
				D7A1E6612F030C8E7556A639 /* Embed Pods Frameworks */,
				17F0FDC1ABEB273B1A5F7CCB /* Copy Pods Resources */,
			);
			buildRules = (
			);
			dependencies = (
			);
			name = HHKL;
			productName = HHKL;
			productReference = D40F575B1C58DB1C00348DB9 /* HHKL.app */;
			productType = "com.apple.product-type.application";
		};
		D40F576E1C58DB1C00348DB9 /* HHKLTests */ = {
			isa = PBXNativeTarget;
			buildConfigurationList = D40F57861C58DB1C00348DB9 /* Build configuration list for PBXNativeTarget "HHKLTests" */;
			buildPhases = (
				528FE20DD0615AD980349195 /* Check Pods Manifest.lock */,
				D40F576B1C58DB1C00348DB9 /* Sources */,
				D40F576C1C58DB1C00348DB9 /* Frameworks */,
				D40F576D1C58DB1C00348DB9 /* Resources */,
				591A8BA8F9E3C62EC7F52B45 /* Embed Pods Frameworks */,
				F52CE417CCFF97986B34FE5F /* Copy Pods Resources */,
			);
			buildRules = (
			);
			dependencies = (
				D40F57711C58DB1C00348DB9 /* PBXTargetDependency */,
			);
			name = HHKLTests;
			productName = HHKLTests;
			productReference = D40F576F1C58DB1C00348DB9 /* HHKLTests.xctest */;
			productType = "com.apple.product-type.bundle.unit-test";
		};
		D40F57791C58DB1C00348DB9 /* HHKLUITests */ = {
			isa = PBXNativeTarget;
			buildConfigurationList = D40F57891C58DB1C00348DB9 /* Build configuration list for PBXNativeTarget "HHKLUITests" */;
			buildPhases = (
				D40F57761C58DB1C00348DB9 /* Sources */,
				D40F57771C58DB1C00348DB9 /* Frameworks */,
				D40F57781C58DB1C00348DB9 /* Resources */,
			);
			buildRules = (
			);
			dependencies = (
				D40F577C1C58DB1C00348DB9 /* PBXTargetDependency */,
			);
			name = HHKLUITests;
			productName = HHKLUITests;
			productReference = D40F577A1C58DB1C00348DB9 /* HHKLUITests.xctest */;
			productType = "com.apple.product-type.bundle.ui-testing";
		};
/* End PBXNativeTarget section */

/* Begin PBXProject section */
		D40F57531C58DB1C00348DB9 /* Project object */ = {
			isa = PBXProject;
			attributes = {
				LastSwiftUpdateCheck = 0720;
				LastUpgradeCheck = 0720;
				ORGANIZATIONNAME = "Heads and Hands";
				TargetAttributes = {
					D40F575A1C58DB1C00348DB9 = {
						CreatedOnToolsVersion = 7.2;
					};
					D40F576E1C58DB1C00348DB9 = {
						CreatedOnToolsVersion = 7.2;
						TestTargetID = D40F575A1C58DB1C00348DB9;
					};
					D40F57791C58DB1C00348DB9 = {
						CreatedOnToolsVersion = 7.2;
						TestTargetID = D40F575A1C58DB1C00348DB9;
					};
				};
			};
			buildConfigurationList = D40F57561C58DB1C00348DB9 /* Build configuration list for PBXProject "HHKL" */;
			compatibilityVersion = "Xcode 3.2";
			developmentRegion = English;
			hasScannedForEncodings = 0;
			knownRegions = (
				Base,
				ru,
			);
			mainGroup = D40F57521C58DB1C00348DB9;
			productRefGroup = D40F575C1C58DB1C00348DB9 /* Products */;
			projectDirPath = "";
			projectRoot = "";
			targets = (
				D40F575A1C58DB1C00348DB9 /* HHKL */,
				D40F576E1C58DB1C00348DB9 /* HHKLTests */,
				D40F57791C58DB1C00348DB9 /* HHKLUITests */,
			);
		};
/* End PBXProject section */

/* Begin PBXResourcesBuildPhase section */
		D40F57591C58DB1C00348DB9 /* Resources */ = {
			isa = PBXResourcesBuildPhase;
			buildActionMask = 2147483647;
			files = (
				84446B2C1C58F7CE00E6B171 /* LaunchScreen.storyboard in Resources */,
				D41EC1FB1C5F558F008FE405 /* Localizable.strings in Resources */,
				B8DCA00CE1A55EAEA43628F9 /* Assets.xcassets in Resources */,
				B8DCAD40AF44814D0709F296 /* days.json in Resources */,
			);
			runOnlyForDeploymentPostprocessing = 0;
		};
		D40F576D1C58DB1C00348DB9 /* Resources */ = {
			isa = PBXResourcesBuildPhase;
			buildActionMask = 2147483647;
			files = (
			);
			runOnlyForDeploymentPostprocessing = 0;
		};
		D40F57781C58DB1C00348DB9 /* Resources */ = {
			isa = PBXResourcesBuildPhase;
			buildActionMask = 2147483647;
			files = (
			);
			runOnlyForDeploymentPostprocessing = 0;
		};
/* End PBXResourcesBuildPhase section */

/* Begin PBXShellScriptBuildPhase section */
		17F0FDC1ABEB273B1A5F7CCB /* Copy Pods Resources */ = {
			isa = PBXShellScriptBuildPhase;
			buildActionMask = 2147483647;
			files = (
			);
			inputPaths = (
			);
			name = "Copy Pods Resources";
			outputPaths = (
			);
			runOnlyForDeploymentPostprocessing = 0;
			shellPath = /bin/sh;
			shellScript = "\"${SRCROOT}/Pods/Target Support Files/Pods-HHKL/Pods-HHKL-resources.sh\"\n";
			showEnvVarsInLog = 0;
		};
		399F01A44ADE336BEA63E7F4 /* Check Pods Manifest.lock */ = {
			isa = PBXShellScriptBuildPhase;
			buildActionMask = 2147483647;
			files = (
			);
			inputPaths = (
			);
			name = "Check Pods Manifest.lock";
			outputPaths = (
			);
			runOnlyForDeploymentPostprocessing = 0;
			shellPath = /bin/sh;
			shellScript = "diff \"${PODS_ROOT}/../Podfile.lock\" \"${PODS_ROOT}/Manifest.lock\" > /dev/null\nif [[ $? != 0 ]] ; then\n    cat << EOM\nerror: The sandbox is not in sync with the Podfile.lock. Run 'pod install' or update your CocoaPods installation.\nEOM\n    exit 1\nfi\n";
			showEnvVarsInLog = 0;
		};
		528FE20DD0615AD980349195 /* Check Pods Manifest.lock */ = {
			isa = PBXShellScriptBuildPhase;
			buildActionMask = 2147483647;
			files = (
			);
			inputPaths = (
			);
			name = "Check Pods Manifest.lock";
			outputPaths = (
			);
			runOnlyForDeploymentPostprocessing = 0;
			shellPath = /bin/sh;
			shellScript = "diff \"${PODS_ROOT}/../Podfile.lock\" \"${PODS_ROOT}/Manifest.lock\" > /dev/null\nif [[ $? != 0 ]] ; then\n    cat << EOM\nerror: The sandbox is not in sync with the Podfile.lock. Run 'pod install' or update your CocoaPods installation.\nEOM\n    exit 1\nfi\n";
			showEnvVarsInLog = 0;
		};
		591A8BA8F9E3C62EC7F52B45 /* Embed Pods Frameworks */ = {
			isa = PBXShellScriptBuildPhase;
			buildActionMask = 2147483647;
			files = (
			);
			inputPaths = (
			);
			name = "Embed Pods Frameworks";
			outputPaths = (
			);
			runOnlyForDeploymentPostprocessing = 0;
			shellPath = /bin/sh;
			shellScript = "\"${SRCROOT}/Pods/Target Support Files/Pods-HHKL-HHKLTests/Pods-HHKL-HHKLTests-frameworks.sh\"\n";
			showEnvVarsInLog = 0;
		};
		D4FE75A11C58E61D001B697C /* Calculate number of build and version  */ = {
			isa = PBXShellScriptBuildPhase;
			buildActionMask = 8;
			files = (
			);
			inputPaths = (
			);
			name = "Calculate number of build and version ";
			outputPaths = (
			);
			runOnlyForDeploymentPostprocessing = 1;
			shellPath = /bin/sh;
			shellScript = "git=$(sh /etc/profile; which git)\ngit_release_version=$(\"$git\" describe --tags --always --abbrev=0)\nnumber_of_commits=$(git rev-list HEAD | wc -l | tr -d ' ')\ntarget_plist=\"$TARGET_BUILD_DIR/$INFOPLIST_PATH\"\ndsym_plist=\"$DWARF_DSYM_FOLDER_PATH/$DWARF_DSYM_FILE_NAME/Contents/Info.plist\"\n\n/usr/libexec/PlistBuddy -c \"Set :CFBundleVersion $number_of_commits\" \"${PROJECT_DIR}/${INFOPLIST_FILE}\"\n/usr/libexec/PlistBuddy -c \"Set :CFBundleShortVersionString ${git_release_version#*v}\" \"${PROJECT_DIR}/${INFOPLIST_FILE}\"";
		};
		D7A1E6612F030C8E7556A639 /* Embed Pods Frameworks */ = {
			isa = PBXShellScriptBuildPhase;
			buildActionMask = 2147483647;
			files = (
			);
			inputPaths = (
			);
			name = "Embed Pods Frameworks";
			outputPaths = (
			);
			runOnlyForDeploymentPostprocessing = 0;
			shellPath = /bin/sh;
			shellScript = "\"${SRCROOT}/Pods/Target Support Files/Pods-HHKL/Pods-HHKL-frameworks.sh\"\n";
			showEnvVarsInLog = 0;
		};
		F52CE417CCFF97986B34FE5F /* Copy Pods Resources */ = {
			isa = PBXShellScriptBuildPhase;
			buildActionMask = 2147483647;
			files = (
			);
			inputPaths = (
			);
			name = "Copy Pods Resources";
			outputPaths = (
			);
			runOnlyForDeploymentPostprocessing = 0;
			shellPath = /bin/sh;
			shellScript = "\"${SRCROOT}/Pods/Target Support Files/Pods-HHKL-HHKLTests/Pods-HHKL-HHKLTests-resources.sh\"\n";
			showEnvVarsInLog = 0;
		};
/* End PBXShellScriptBuildPhase section */

/* Begin PBXSourcesBuildPhase section */
		D40F57571C58DB1C00348DB9 /* Sources */ = {
			isa = PBXSourcesBuildPhase;
			buildActionMask = 2147483647;
			files = (
				B8DCA7A6CDDCAF413E11BC47 /* AppDelegate.swift in Sources */,
				58603FA3E558FCBDFCD182B5 /* MatchesViewController.swift in Sources */,
				586034B59187F55DDC90E3FB /* MatchesViewModel.swift in Sources */,
				B8DCA8CEF799E851F2E03983 /* CocoaLumberjackManager.swift in Sources */,
				586038B8F60B62C5E250A12E /* Colors.swift in Sources */,
				58603101C2B002C8F3589BFD /* ParentViewController.swift in Sources */,
				B8DCA822D17AA8213D318338 /* Error.swift in Sources */,
				B8DCA5A0DAB78072BC5FCDE4 /* MatchParser.swift in Sources */,
				B8DCA088DC7E08140CC9871F /* Match.swift in Sources */,
				B8DCA77DBFD09D47EFC653E1 /* Day.swift in Sources */,
				B8DCA444EE9F12F1497241F9 /* ViewModelProtocols.swift in Sources */,
				B8DCA3F681C90A0A23A18F81 /* ViewControllerFactory.swift in Sources */,
				B8DCAFA2C6A34A92CBCAC79F /* ViewControllerAccessoryFactory.swift in Sources */,
				B8DCA695FC303E46145ECB9F /* ViewModelFactory.swift in Sources */,
				B8DCAFD61F258F3081B94DC8 /* ViewModelAccessoryFactory.swift in Sources */,
				B8DCAB6DE086F342066B096D /* FlowController.swift in Sources */,
				B8DCAFFF98951F7FE28820F4 /* NavigationControllerFlowController.swift in Sources */,
				B8DCAB297EFF63B5FEBCD444 /* MatchCell.swift in Sources */,
				B8DCA2F54B9EE3D2A161EF37 /* ParentTableViewCell.swift in Sources */,
				B8DCA8EED9E42BA455ED0B8E /* MatchViewController.swift in Sources */,
				B8DCA5C18D1BF7C2CEAF055A /* MatchViewModel.swift in Sources */,
				B8DCA222E737BF6BA635509C /* MatchesNetworkTarget.swift in Sources */,
				B8DCA15B1F941D2939F3854A /* MatchHeaderView.swift in Sources */,
				B8DCADD1C669573A5D1CA6CA /* MatchSectionResultViewCell.swift in Sources */,
			);
			runOnlyForDeploymentPostprocessing = 0;
		};
		D40F576B1C58DB1C00348DB9 /* Sources */ = {
			isa = PBXSourcesBuildPhase;
			buildActionMask = 2147483647;
			files = (
				D48546591C75E8A10072BC78 /* DayParserTests.swift in Sources */,
				B8DCA89B18A8252418FF6B76 /* MatchParserTests.swift in Sources */,
				B8DCA0D4ACC3AD93F1849701 /* MatchGamerParserTests.swift in Sources */,
			);
			runOnlyForDeploymentPostprocessing = 0;
		};
		D40F57761C58DB1C00348DB9 /* Sources */ = {
			isa = PBXSourcesBuildPhase;
			buildActionMask = 2147483647;
			files = (
				D40F577F1C58DB1C00348DB9 /* HHKLUITests.swift in Sources */,
			);
			runOnlyForDeploymentPostprocessing = 0;
		};
/* End PBXSourcesBuildPhase section */

/* Begin PBXTargetDependency section */
		D40F57711C58DB1C00348DB9 /* PBXTargetDependency */ = {
			isa = PBXTargetDependency;
			target = D40F575A1C58DB1C00348DB9 /* HHKL */;
			targetProxy = D40F57701C58DB1C00348DB9 /* PBXContainerItemProxy */;
		};
		D40F577C1C58DB1C00348DB9 /* PBXTargetDependency */ = {
			isa = PBXTargetDependency;
			target = D40F575A1C58DB1C00348DB9 /* HHKL */;
			targetProxy = D40F577B1C58DB1C00348DB9 /* PBXContainerItemProxy */;
		};
/* End PBXTargetDependency section */

/* Begin PBXVariantGroup section */
		D41EC1FD1C5F558F008FE405 /* Localizable.strings */ = {
			isa = PBXVariantGroup;
			children = (
				D41EC1FF1C5F55E6008FE405 /* ru */,
			);
			name = Localizable.strings;
			sourceTree = "<group>";
		};
/* End PBXVariantGroup section */

/* Begin XCBuildConfiguration section */
		D40F57811C58DB1C00348DB9 /* Debug */ = {
			isa = XCBuildConfiguration;
			buildSettings = {
				ALWAYS_SEARCH_USER_PATHS = NO;
				CLANG_CXX_LANGUAGE_STANDARD = "gnu++0x";
				CLANG_CXX_LIBRARY = "libc++";
				CLANG_ENABLE_MODULES = YES;
				CLANG_ENABLE_OBJC_ARC = YES;
				CLANG_WARN_BOOL_CONVERSION = YES;
				CLANG_WARN_CONSTANT_CONVERSION = YES;
				CLANG_WARN_DIRECT_OBJC_ISA_USAGE = YES_ERROR;
				CLANG_WARN_EMPTY_BODY = YES;
				CLANG_WARN_ENUM_CONVERSION = YES;
				CLANG_WARN_INT_CONVERSION = YES;
				CLANG_WARN_OBJC_ROOT_CLASS = YES_ERROR;
				CLANG_WARN_UNREACHABLE_CODE = YES;
				CLANG_WARN__DUPLICATE_METHOD_MATCH = YES;
				"CODE_SIGN_IDENTITY[sdk=iphoneos*]" = "iPhone Developer";
				COPY_PHASE_STRIP = NO;
				DEBUG_INFORMATION_FORMAT = dwarf;
				ENABLE_STRICT_OBJC_MSGSEND = YES;
				ENABLE_TESTABILITY = YES;
				GCC_C_LANGUAGE_STANDARD = gnu99;
				GCC_DYNAMIC_NO_PIC = NO;
				GCC_NO_COMMON_BLOCKS = YES;
				GCC_OPTIMIZATION_LEVEL = 0;
				GCC_PREPROCESSOR_DEFINITIONS = (
					"DEBUG=1",
					"$(inherited)",
				);
				GCC_WARN_64_TO_32_BIT_CONVERSION = YES;
				GCC_WARN_ABOUT_RETURN_TYPE = YES_ERROR;
				GCC_WARN_UNDECLARED_SELECTOR = YES;
				GCC_WARN_UNINITIALIZED_AUTOS = YES_AGGRESSIVE;
				GCC_WARN_UNUSED_FUNCTION = YES;
				GCC_WARN_UNUSED_VARIABLE = YES;
				IPHONEOS_DEPLOYMENT_TARGET = 9.0;
				MTL_ENABLE_DEBUG_INFO = YES;
				ONLY_ACTIVE_ARCH = YES;
				SDKROOT = iphoneos;
				SWIFT_OPTIMIZATION_LEVEL = "-Onone";
			};
			name = Debug;
		};
		D40F57821C58DB1C00348DB9 /* Release */ = {
			isa = XCBuildConfiguration;
			buildSettings = {
				ALWAYS_SEARCH_USER_PATHS = NO;
				CLANG_CXX_LANGUAGE_STANDARD = "gnu++0x";
				CLANG_CXX_LIBRARY = "libc++";
				CLANG_ENABLE_MODULES = YES;
				CLANG_ENABLE_OBJC_ARC = YES;
				CLANG_WARN_BOOL_CONVERSION = YES;
				CLANG_WARN_CONSTANT_CONVERSION = YES;
				CLANG_WARN_DIRECT_OBJC_ISA_USAGE = YES_ERROR;
				CLANG_WARN_EMPTY_BODY = YES;
				CLANG_WARN_ENUM_CONVERSION = YES;
				CLANG_WARN_INT_CONVERSION = YES;
				CLANG_WARN_OBJC_ROOT_CLASS = YES_ERROR;
				CLANG_WARN_UNREACHABLE_CODE = YES;
				CLANG_WARN__DUPLICATE_METHOD_MATCH = YES;
				"CODE_SIGN_IDENTITY[sdk=iphoneos*]" = "iPhone Developer";
				COPY_PHASE_STRIP = NO;
				DEBUG_INFORMATION_FORMAT = "dwarf-with-dsym";
				ENABLE_NS_ASSERTIONS = NO;
				ENABLE_STRICT_OBJC_MSGSEND = YES;
				GCC_C_LANGUAGE_STANDARD = gnu99;
				GCC_NO_COMMON_BLOCKS = YES;
				GCC_WARN_64_TO_32_BIT_CONVERSION = YES;
				GCC_WARN_ABOUT_RETURN_TYPE = YES_ERROR;
				GCC_WARN_UNDECLARED_SELECTOR = YES;
				GCC_WARN_UNINITIALIZED_AUTOS = YES_AGGRESSIVE;
				GCC_WARN_UNUSED_FUNCTION = YES;
				GCC_WARN_UNUSED_VARIABLE = YES;
				IPHONEOS_DEPLOYMENT_TARGET = 9.0;
				MTL_ENABLE_DEBUG_INFO = NO;
				SDKROOT = iphoneos;
				VALIDATE_PRODUCT = YES;
			};
			name = Release;
		};
		D40F57841C58DB1C00348DB9 /* Debug */ = {
			isa = XCBuildConfiguration;
			baseConfigurationReference = 837C64D35EEE3F960C502295 /* Pods-HHKL.debug.xcconfig */;
			buildSettings = {
				ASSETCATALOG_COMPILER_APPICON_NAME = AppIcon;
				FRAMEWORK_SEARCH_PATHS = (
					"$(inherited)",
					"$(PROJECT_DIR)/Carthage/Build/iOS",
				);
				INFOPLIST_FILE = "$(SRCROOT)/HHKL/Resources/Info.plist";
				IPHONEOS_DEPLOYMENT_TARGET = 9.0;
				LD_RUNPATH_SEARCH_PATHS = "$(inherited) @executable_path/Frameworks";
				PRODUCT_BUNDLE_IDENTIFIER = ru.handh.HHKL;
				PRODUCT_NAME = "$(TARGET_NAME)";
				TARGETED_DEVICE_FAMILY = 1;
			};
			name = Debug;
		};
		D40F57851C58DB1C00348DB9 /* Release */ = {
			isa = XCBuildConfiguration;
			baseConfigurationReference = 5F6404C0743DF3089B4044DF /* Pods-HHKL.release.xcconfig */;
			buildSettings = {
				ASSETCATALOG_COMPILER_APPICON_NAME = AppIcon;
				FRAMEWORK_SEARCH_PATHS = (
					"$(inherited)",
					"$(PROJECT_DIR)/Carthage/Build/iOS",
				);
				INFOPLIST_FILE = "$(SRCROOT)/HHKL/Resources/Info.plist";
				IPHONEOS_DEPLOYMENT_TARGET = 9.0;
				LD_RUNPATH_SEARCH_PATHS = "$(inherited) @executable_path/Frameworks";
				PRODUCT_BUNDLE_IDENTIFIER = ru.handh.HHKL;
				PRODUCT_NAME = "$(TARGET_NAME)";
				TARGETED_DEVICE_FAMILY = 1;
			};
			name = Release;
		};
		D40F57871C58DB1C00348DB9 /* Debug */ = {
			isa = XCBuildConfiguration;
			baseConfigurationReference = A15CAFAD4B3400572CDFC1DE /* Pods-HHKL-HHKLTests.debug.xcconfig */;
			buildSettings = {
				BUNDLE_LOADER = "$(TEST_HOST)";
				FRAMEWORK_SEARCH_PATHS = (
					"$(inherited)",
					"$(PROJECT_DIR)/Carthage/Build/iOS",
				);
				INFOPLIST_FILE = HHKLTests/Info.plist;
				LD_RUNPATH_SEARCH_PATHS = "$(inherited) @executable_path/Frameworks @loader_path/Frameworks";
				PRODUCT_BUNDLE_IDENTIFIER = ru.handh.HHKLTests;
				PRODUCT_NAME = "$(TARGET_NAME)";
				TEST_HOST = "$(BUILT_PRODUCTS_DIR)/HHKL.app/HHKL";
			};
			name = Debug;
		};
		D40F57881C58DB1C00348DB9 /* Release */ = {
			isa = XCBuildConfiguration;
			baseConfigurationReference = 6F76BA4887AAFD59C82A2D90 /* Pods-HHKL-HHKLTests.release.xcconfig */;
			buildSettings = {
				BUNDLE_LOADER = "$(TEST_HOST)";
				FRAMEWORK_SEARCH_PATHS = (
					"$(inherited)",
					"$(PROJECT_DIR)/Carthage/Build/iOS",
				);
				INFOPLIST_FILE = HHKLTests/Info.plist;
				LD_RUNPATH_SEARCH_PATHS = "$(inherited) @executable_path/Frameworks @loader_path/Frameworks";
				PRODUCT_BUNDLE_IDENTIFIER = ru.handh.HHKLTests;
				PRODUCT_NAME = "$(TARGET_NAME)";
				TEST_HOST = "$(BUILT_PRODUCTS_DIR)/HHKL.app/HHKL";
			};
			name = Release;
		};
		D40F578A1C58DB1C00348DB9 /* Debug */ = {
			isa = XCBuildConfiguration;
			buildSettings = {
				INFOPLIST_FILE = HHKLUITests/Info.plist;
				LD_RUNPATH_SEARCH_PATHS = "$(inherited) @executable_path/Frameworks @loader_path/Frameworks";
				PRODUCT_BUNDLE_IDENTIFIER = ru.handh.HHKLUITests;
				PRODUCT_NAME = "$(TARGET_NAME)";
				TEST_TARGET_NAME = HHKL;
				USES_XCTRUNNER = YES;
			};
			name = Debug;
		};
		D40F578B1C58DB1C00348DB9 /* Release */ = {
			isa = XCBuildConfiguration;
			buildSettings = {
				INFOPLIST_FILE = HHKLUITests/Info.plist;
				LD_RUNPATH_SEARCH_PATHS = "$(inherited) @executable_path/Frameworks @loader_path/Frameworks";
				PRODUCT_BUNDLE_IDENTIFIER = ru.handh.HHKLUITests;
				PRODUCT_NAME = "$(TARGET_NAME)";
				TEST_TARGET_NAME = HHKL;
				USES_XCTRUNNER = YES;
			};
			name = Release;
		};
/* End XCBuildConfiguration section */

/* Begin XCConfigurationList section */
		D40F57561C58DB1C00348DB9 /* Build configuration list for PBXProject "HHKL" */ = {
			isa = XCConfigurationList;
			buildConfigurations = (
				D40F57811C58DB1C00348DB9 /* Debug */,
				D40F57821C58DB1C00348DB9 /* Release */,
			);
			defaultConfigurationIsVisible = 0;
			defaultConfigurationName = Release;
		};
		D40F57831C58DB1C00348DB9 /* Build configuration list for PBXNativeTarget "HHKL" */ = {
			isa = XCConfigurationList;
			buildConfigurations = (
				D40F57841C58DB1C00348DB9 /* Debug */,
				D40F57851C58DB1C00348DB9 /* Release */,
			);
			defaultConfigurationIsVisible = 0;
			defaultConfigurationName = Release;
		};
		D40F57861C58DB1C00348DB9 /* Build configuration list for PBXNativeTarget "HHKLTests" */ = {
			isa = XCConfigurationList;
			buildConfigurations = (
				D40F57871C58DB1C00348DB9 /* Debug */,
				D40F57881C58DB1C00348DB9 /* Release */,
			);
			defaultConfigurationIsVisible = 0;
			defaultConfigurationName = Release;
		};
		D40F57891C58DB1C00348DB9 /* Build configuration list for PBXNativeTarget "HHKLUITests" */ = {
			isa = XCConfigurationList;
			buildConfigurations = (
				D40F578A1C58DB1C00348DB9 /* Debug */,
				D40F578B1C58DB1C00348DB9 /* Release */,
			);
			defaultConfigurationIsVisible = 0;
			defaultConfigurationName = Release;
		};
/* End XCConfigurationList section */
	};
	rootObject = D40F57531C58DB1C00348DB9 /* Project object */;
}
